{
  "name": "lam",
  "version": "1.0.0",
  "lockfileVersion": 1,
  "requires": true,
  "dependencies": {
    "@types/ramda": {
      "version": "0.25.47",
      "resolved": "https://registry.npmjs.org/@types/ramda/-/ramda-0.25.47.tgz",
      "integrity": "sha512-+ffSU83+PR4/cZtNTkUcFkg70sK4GePle7p5h05bQ37ycPumOx/TBpU52bt36GKDlds6tCqXheqPvgC52MMLug==",
      "dev": true
    },
    "ramda": {
      "version": "0.26.1",
      "resolved": "https://registry.npmjs.org/ramda/-/ramda-0.26.1.tgz",
      "integrity": "sha512-hLWjpy7EnsDBb0p+Z3B7rPi3GDeRG5ZtiI33kJhTt+ORCd38AbAIjB/9zRIUoeTbE/AVX5ZkU7m6bznsvrf8eQ=="
    }
  }
}
